# This file is generated by running "yarn install" inside your project.
# Manual changes might be lost - proceed with caution!

__metadata:
  version: 6
  cacheKey: 8

"@prettier/plugin-xml@npm:^2.2.0":
  version: 2.2.0
  resolution: "@prettier/plugin-xml@npm:2.2.0"
  dependencies:
    "@xml-tools/parser": ^1.0.11
    prettier: ">=2.4.0"
  checksum: 480fb67fe711463ab6b5678ce996486873b4d6440c31338af3f8dd5054c7ae9539dd81621637c85eed904727cfe17b7213e717d451df2fee56c8c50251f6bb69
  languageName: node
  linkType: hard

"@xml-tools/parser@npm:^1.0.11":
  version: 1.0.11
  resolution: "@xml-tools/parser@npm:1.0.11"
  dependencies:
    chevrotain: 7.1.1
  checksum: 79f32386ef935c1ba65d421e36b556fb14593c7b7e5ca99160ec8ec6dba912a00be6c32d0ab8bad35f82cb5640c05f1a8cfd1d227d563aed20ecc57d678ceab2
  languageName: node
  linkType: hard

"chevrotain@npm:7.1.1":
  version: 7.1.1
  resolution: "chevrotain@npm:7.1.1"
  dependencies:
    regexp-to-ast: 0.5.0
  checksum: 3ba268b745b89674712930f5d5b212f0bae6218309a05e1f89301384a9a2e8482429c83b9c52f38e536c38bb1940a53c2c0e6149e15277ea6bc6a1307528474d
  languageName: node
  linkType: hard

"prettier@npm:>=2.4.0, prettier@npm:^2.8.8":
  version: 2.8.8
  resolution: "prettier@npm:2.8.8"
  bin:
    prettier: bin-prettier.js
  checksum: b49e409431bf129dd89238d64299ba80717b57ff5a6d1c1a8b1a28b590d998a34e083fa13573bc732bb8d2305becb4c9a4407f8486c81fa7d55100eb08263cf8
  languageName: node
  linkType: hard

"regexp-to-ast@npm:0.5.0":
  version: 0.5.0
  resolution: "regexp-to-ast@npm:0.5.0"
  checksum: 72e32f2a1217bb22398ac30867ddd43e16943b6b569dd4eb472de47494c7a39e34f47ee3e92ad4cbf92308f98997da366fe094a0e58eb6b93eab0ee956fff86d
  languageName: node
  linkType: hard

"root-workspace-0b6124@workspace:.":
  version: 0.0.0-use.local
  resolution: "root-workspace-0b6124@workspace:."
  dependencies:
    "@prettier/plugin-xml": ^2.2.0
    prettier: ^2.8.8
  languageName: unknown
  linkType: soft
