# This file is generated by running "yarn install" inside your project.
# Manual changes might be lost - proceed with caution!

__metadata:
  version: 8
  cacheKey: 10

"@prettier/plugin-xml@npm:^3.4.1":
  version: 3.4.1
  resolution: "@prettier/plugin-xml@npm:3.4.1"
  dependencies:
    "@xml-tools/parser": "npm:^1.0.11"
  peerDependencies:
    prettier: ^3.0.0
  checksum: 10/3b90eb7e04747be40b7755003e502ec821e2349678fdc8b46ff58ebfa2ba86399e29545126a3df5e53e9ef450956ecd8ec66bb3a61c9e0ed47a05053b0ad8c18
  languageName: node
  linkType: hard

"@xml-tools/parser@npm:^1.0.11":
  version: 1.0.11
  resolution: "@xml-tools/parser@npm:1.0.11"
  dependencies:
    chevrotain: "npm:7.1.1"
  checksum: 10/df1aa7ac0ec81ec6363b515f4bb80043c8c29c2e2c87ba668f142d20090f8a67ae1bde3665ee63ebbca12dd9d77991795d97f02fa0e2e64c20ba7a0636209463
  languageName: node
  linkType: hard

"chevrotain@npm:7.1.1":
  version: 7.1.1
  resolution: "chevrotain@npm:7.1.1"
  dependencies:
    regexp-to-ast: "npm:0.5.0"
  checksum: 10/c071e3478c1d2e24257236770ba88d925bcd1145feec758df3e3585dd4d0a02517fb3420e9711f3dfd057f62bca5ca6e691734ee882bfbe81e4580a6f4156d70
  languageName: node
  linkType: hard

"prettier@npm:^3.3.3":
  version: 3.3.3
  resolution: "prettier@npm:3.3.3"
  bin:
    prettier: bin/prettier.cjs
  checksum: 10/5beac1f30b5b40162532b8e2f7c3a4eb650910a2695e9c8512a62ffdc09dae93190c29db9107fa7f26d1b6c71aad3628ecb9b5de1ecb0911191099be109434d7
  languageName: node
  linkType: hard

"regexp-to-ast@npm:0.5.0":
  version: 0.5.0
  resolution: "regexp-to-ast@npm:0.5.0"
  checksum: 10/41f5c38f568cb64378812e8e77b1dc383a3975e311063bfb2a83179fc1e6601c59b1b32d5b85996eb2ae50b9ccb73e551268b9e32caae3ec60acd0f705d4a58c
  languageName: node
  linkType: hard

"root-workspace-0b6124@workspace:.":
  version: 0.0.0-use.local
  resolution: "root-workspace-0b6124@workspace:."
  dependencies:
    "@prettier/plugin-xml": "npm:^3.4.1"
    prettier: "npm:^3.3.3"
  languageName: unknown
  linkType: soft
