# This file is generated by running "yarn install" inside your project.
# Manual changes might be lost - proceed with caution!

__metadata:
  version: 5
  cacheKey: 8

"@prettier/plugin-xml@npm:^1.2.0":
  version: 1.2.0
  resolution: "@prettier/plugin-xml@npm:1.2.0"
  dependencies:
    "@xml-tools/parser": ^1.0.11
    prettier: ">=2.3"
  checksum: 2f9958d7f910c7ee83b5e2dd207564992952b40fdd28aea3bd5bd4c77351a72308b916f1b8fd0c6de958d67324658c655a8521c58d5dca24ef338f9307ffb0bf
  languageName: node
  linkType: hard

"@xml-tools/parser@npm:^1.0.11":
  version: 1.0.11
  resolution: "@xml-tools/parser@npm:1.0.11"
  dependencies:
    chevrotain: 7.1.1
  checksum: 79f32386ef935c1ba65d421e36b556fb14593c7b7e5ca99160ec8ec6dba912a00be6c32d0ab8bad35f82cb5640c05f1a8cfd1d227d563aed20ecc57d678ceab2
  languageName: node
  linkType: hard

"chevrotain@npm:7.1.1":
  version: 7.1.1
  resolution: "chevrotain@npm:7.1.1"
  dependencies:
    regexp-to-ast: 0.5.0
  checksum: 3ba268b745b89674712930f5d5b212f0bae6218309a05e1f89301384a9a2e8482429c83b9c52f38e536c38bb1940a53c2c0e6149e15277ea6bc6a1307528474d
  languageName: node
  linkType: hard

"prettier@npm:>=2.3":
  version: 2.3.2
  resolution: "prettier@npm:2.3.2"
  bin:
    prettier: bin-prettier.js
  checksum: 17ce5784ac67621c292df58e2da60b2ee150c2d6aebea22a6ad9e52fcd6a5e66c349d0a8436ea3bd8ff9d778920a5f68000d7625b74f43558718a49755aa5259
  languageName: node
  linkType: hard

"prettier@npm:^2.5.1":
  version: 2.5.1
  resolution: "prettier@npm:2.5.1"
  bin:
    prettier: bin-prettier.js
  checksum: 21b9408476ea1c544b0e45d51ceb94a84789ff92095abb710942d780c862d0daebdb29972d47f6b4d0f7ebbfb0ffbf56cc2cfa3e3e9d1cca54864af185b15b66
  languageName: node
  linkType: hard

"regexp-to-ast@npm:0.5.0":
  version: 0.5.0
  resolution: "regexp-to-ast@npm:0.5.0"
  checksum: 72e32f2a1217bb22398ac30867ddd43e16943b6b569dd4eb472de47494c7a39e34f47ee3e92ad4cbf92308f98997da366fe094a0e58eb6b93eab0ee956fff86d
  languageName: node
  linkType: hard

"root-workspace-0b6124@workspace:.":
  version: 0.0.0-use.local
  resolution: "root-workspace-0b6124@workspace:."
  dependencies:
    "@prettier/plugin-xml": ^1.2.0
    prettier: ^2.5.1
  languageName: unknown
  linkType: soft
